
Microsoft Visual Studio Solution File, Format Version 12.00
# Visual Studio Version 17
VisualStudioVersion = 17.9.34728.123
MinimumVisualStudioVersion = 10.0.40219.1
Project("{FAE04EC0-301F-11D3-BF4B-00C04F79EFBC}") = "PostmanCloneUI", "PostmanCloneUI\PostmanCloneUI.csproj", "{A412C65D-FA53-4554-842C-470E7B56FE50}"
EndProject
Project("{FAE04EC0-301F-11D3-BF4B-00C04F79EFBC}") = "PostmanCloneLibrary", "PostmanCloneLibrary\PostmanCloneLibrary.csproj", "{F40FC954-30EC-46E2-AF21-DA30150C06A8}"
EndProject
Global
	GlobalSection(SolutionConfigurationPlatforms) = preSolution
		Debug|Any CPU = Debug|Any CPU
		Release|Any CPU = Release|Any CPU
	EndGlobalSection
	GlobalSection(ProjectConfigurationPlatforms) = postSolution
		{A412C65D-FA53-4554-842C-470E7B56FE50}.Debug|Any CPU.ActiveCfg = Debug|Any CPU
		{A412C65D-FA53-4554-842C-470E7B56FE50}.Debug|Any CPU.Build.0 = Debug|Any CPU
		{A412C65D-FA53-4554-842C-470E7B56FE50}.Release|Any CPU.ActiveCfg = Release|Any CPU
		{A412C65D-FA53-4554-842C-470E7B56FE50}.Release|Any CPU.Build.0 = Release|Any CPU
		{F40FC954-30EC-46E2-AF21-DA30150C06A8}.Debug|Any CPU.ActiveCfg = Debug|Any CPU
		{F40FC954-30EC-46E2-AF21-DA30150C06A8}.Debug|Any CPU.Build.0 = Debug|Any CPU
		{F40FC954-30EC-46E2-AF21-DA30150C06A8}.Release|Any CPU.ActiveCfg = Release|Any CPU
		{F40FC954-30EC-46E2-AF21-DA30150C06A8}.Release|Any CPU.Build.0 = Release|Any CPU
	EndGlobalSection
	GlobalSection(SolutionProperties) = preSolution
		HideSolutionNode = FALSE
	EndGlobalSection
	GlobalSection(ExtensibilityGlobals) = postSolution
		SolutionGuid = {12026753-6525-4DB4-A06C-11E5431A8FBC}
	EndGlobalSection
EndGlobal
